
Microsoft Visual Studio Solution File, Format Version 12.00
# Visual Studio Version 17
VisualStudioVersion = 17.9.34728.123
MinimumVisualStudioVersion = 10.0.40219.1
Project("{FAE04EC0-301F-11D3-BF4B-00C04F79EFBC}") = "BT02", "BT02.csproj", "{65AD1C9C-E1A4-4019-A304-03A265D8858F}"
EndProject
Global
	GlobalSection(SolutionConfigurationPlatforms) = preSolution
		Debug|Any CPU = Debug|Any CPU
		Release|Any CPU = Release|Any CPU
	EndGlobalSection
	GlobalSection(ProjectConfigurationPlatforms) = postSolution
		{65AD1C9C-E1A4-4019-A304-03A265D8858F}.Debug|Any CPU.ActiveCfg = Debug|Any CPU
		{65AD1C9C-E1A4-4019-A304-03A265D8858F}.Debug|Any CPU.Build.0 = Debug|Any CPU
		{65AD1C9C-E1A4-4019-A304-03A265D8858F}.Release|Any CPU.ActiveCfg = Release|Any CPU
		{65AD1C9C-E1A4-4019-A304-03A265D8858F}.Release|Any CPU.Build.0 = Release|Any CPU
	EndGlobalSection
	GlobalSection(SolutionProperties) = preSolution
		HideSolutionNode = FALSE
	EndGlobalSection
	GlobalSection(ExtensibilityGlobals) = postSolution
		SolutionGuid = {C69A0D18-3F22-48D8-A70B-BBB250103030}
	EndGlobalSection
EndGlobal
