
Microsoft Visual Studio Solution File, Format Version 12.00
# Visual Studio Version 17
VisualStudioVersion = 17.14.36623.8 d17.14
MinimumVisualStudioVersion = 10.0.40219.1
Project("{FAE04EC0-301F-11D3-BF4B-00C04F79EFBC}") = "BT09", "BT09.csproj", "{43521D63-0356-4672-B28E-935FB12964D7}"
EndProject
Global
	GlobalSection(SolutionConfigurationPlatforms) = preSolution
		Debug|Any CPU = Debug|Any CPU
		Release|Any CPU = Release|Any CPU
	EndGlobalSection
	GlobalSection(ProjectConfigurationPlatforms) = postSolution
		{43521D63-0356-4672-B28E-935FB12964D7}.Debug|Any CPU.ActiveCfg = Debug|Any CPU
		{43521D63-0356-4672-B28E-935FB12964D7}.Debug|Any CPU.Build.0 = Debug|Any CPU
		{43521D63-0356-4672-B28E-935FB12964D7}.Release|Any CPU.ActiveCfg = Release|Any CPU
		{43521D63-0356-4672-B28E-935FB12964D7}.Release|Any CPU.Build.0 = Release|Any CPU
	EndGlobalSection
	GlobalSection(SolutionProperties) = preSolution
		HideSolutionNode = FALSE
	EndGlobalSection
	GlobalSection(ExtensibilityGlobals) = postSolution
		SolutionGuid = {E3083F47-A3E0-4BC8-8AAE-DEB1BCA7E305}
	EndGlobalSection
EndGlobal
