
Microsoft Visual Studio Solution File, Format Version 12.00
# Visual Studio Version 17
VisualStudioVersion = 17.14.36623.8 d17.14
MinimumVisualStudioVersion = 10.0.40219.1
Project("{FAE04EC0-301F-11D3-BF4B-00C04F79EFBC}") = "BT14", "BT14.csproj", "{0004B7A2-C259-4403-A090-FA43B05695EF}"
EndProject
Global
	GlobalSection(SolutionConfigurationPlatforms) = preSolution
		Debug|Any CPU = Debug|Any CPU
		Release|Any CPU = Release|Any CPU
	EndGlobalSection
	GlobalSection(ProjectConfigurationPlatforms) = postSolution
		{0004B7A2-C259-4403-A090-FA43B05695EF}.Debug|Any CPU.ActiveCfg = Debug|Any CPU
		{0004B7A2-C259-4403-A090-FA43B05695EF}.Debug|Any CPU.Build.0 = Debug|Any CPU
		{0004B7A2-C259-4403-A090-FA43B05695EF}.Release|Any CPU.ActiveCfg = Release|Any CPU
		{0004B7A2-C259-4403-A090-FA43B05695EF}.Release|Any CPU.Build.0 = Release|Any CPU
	EndGlobalSection
	GlobalSection(SolutionProperties) = preSolution
		HideSolutionNode = FALSE
	EndGlobalSection
	GlobalSection(ExtensibilityGlobals) = postSolution
		SolutionGuid = {D4E0FD00-B50F-480F-954C-E73220EF6C5B}
	EndGlobalSection
EndGlobal
